
Microsoft Visual Studio Solution File, Format Version 12.00
# Visual Studio Version 17
VisualStudioVersion = 17.7.34018.315
MinimumVisualStudioVersion = 10.0.40219.1
Project("{FAE04EC0-301F-11D3-BF4B-00C04F79EFBC}") = "Project travLin", "Project travLin\Project travLin.csproj", "{5C8C8B30-0A45-45F3-BC12-678AA44D1CF0}"
EndProject
Global
	GlobalSection(SolutionConfigurationPlatforms) = preSolution
		Debug|Any CPU = Debug|Any CPU
		Release|Any CPU = Release|Any CPU
	EndGlobalSection
	GlobalSection(ProjectConfigurationPlatforms) = postSolution
		{5C8C8B30-0A45-45F3-BC12-678AA44D1CF0}.Debug|Any CPU.ActiveCfg = Debug|Any CPU
		{5C8C8B30-0A45-45F3-BC12-678AA44D1CF0}.Debug|Any CPU.Build.0 = Debug|Any CPU
		{5C8C8B30-0A45-45F3-BC12-678AA44D1CF0}.Release|Any CPU.ActiveCfg = Release|Any CPU
		{5C8C8B30-0A45-45F3-BC12-678AA44D1CF0}.Release|Any CPU.Build.0 = Release|Any CPU
	EndGlobalSection
	GlobalSection(SolutionProperties) = preSolution
		HideSolutionNode = FALSE
	EndGlobalSection
	GlobalSection(ExtensibilityGlobals) = postSolution
		SolutionGuid = {32FF55B0-437A-44F0-B629-D590F53ECDD2}
	EndGlobalSection
EndGlobal
